
Microsoft Visual Studio Solution File, Format Version 12.00
# Visual Studio Version 16
VisualStudioVersion = 16.0.31729.503
MinimumVisualStudioVersion = 10.0.40219.1
Project("{FAE04EC0-301F-11D3-BF4B-00C04F79EFBC}") = "TicTacToe", "TicTacToe\TicTacToe.csproj", "{02C7FE43-AAA3-467F-A086-C823891F6447}"
EndProject
Global
	GlobalSection(SolutionConfigurationPlatforms) = preSolution
		Debug|Any CPU = Debug|Any CPU
		Release|Any CPU = Release|Any CPU
	EndGlobalSection
	GlobalSection(ProjectConfigurationPlatforms) = postSolution
		{02C7FE43-AAA3-467F-A086-C823891F6447}.Debug|Any CPU.ActiveCfg = Debug|Any CPU
		{02C7FE43-AAA3-467F-A086-C823891F6447}.Debug|Any CPU.Build.0 = Debug|Any CPU
		{02C7FE43-AAA3-467F-A086-C823891F6447}.Release|Any CPU.ActiveCfg = Release|Any CPU
		{02C7FE43-AAA3-467F-A086-C823891F6447}.Release|Any CPU.Build.0 = Release|Any CPU
	EndGlobalSection
	GlobalSection(SolutionProperties) = preSolution
		HideSolutionNode = FALSE
	EndGlobalSection
	GlobalSection(ExtensibilityGlobals) = postSolution
		SolutionGuid = {B7134ED7-DB1D-47A0-A749-2D59128A6D1C}
	EndGlobalSection
EndGlobal
